{
  "name": "ix.gas.TotTaskFactory",
  "lockfileVersion": 2,
  "requires": true,
  "packages": {
    "": {
      "dependencies": {
        "@sgs-turbo23/ix.js.slack_notifier": "^1.0.1"
      }
    },
    "node_modules/@sgs-turbo23/ix.js.slack_notifier": {
      "version": "1.0.1",
      "resolved": "https://npm.pkg.github.com/download/@sgs-turbo23/ix.js.slack_notifier/1.0.1/a090880c4732a684edbe563570ccaa83e38ab2a09ebfb1f861582d8ac73a1f6d",
      "integrity": "sha512-1gAVc2R3M9pEY4lFAnT0f4c5o0krkyHtW3yyZOTEkFgOTuoSlbp+ctIBYBjt9uOKUqT/y4Npd7tJS0vsM4S47A==",
      "license": "ISC"
    }
  },
  "dependencies": {
    "@sgs-turbo23/ix.js.slack_notifier": {
      "version": "1.0.1",
      "resolved": "https://npm.pkg.github.com/download/@sgs-turbo23/ix.js.slack_notifier/1.0.1/a090880c4732a684edbe563570ccaa83e38ab2a09ebfb1f861582d8ac73a1f6d",
      "integrity": "sha512-1gAVc2R3M9pEY4lFAnT0f4c5o0krkyHtW3yyZOTEkFgOTuoSlbp+ctIBYBjt9uOKUqT/y4Npd7tJS0vsM4S47A=="
    }
  }
}
